// !$*UTF8*$!
{
	archiveVersion = 1;
	classes = {
	};
	objectVersion = 46;
	objects = {

/* Begin PBXBuildFile section */
		A161E2AB1E356D0A001357DC /* AppDelegate.swift in Sources */ = {isa = PBXBuildFile; fileRef = A161E2AA1E356D0A001357DC /* AppDelegate.swift */; };
		A161E2AD1E356D0A001357DC /* ViewController.swift in Sources */ = {isa = PBXBuildFile; fileRef = A161E2AC1E356D0A001357DC /* ViewController.swift */; };
		A161E2B21E356D0A001357DC /* Assets.xcassets in Resources */ = {isa = PBXBuildFile; fileRef = A161E2B11E356D0A001357DC /* Assets.xcassets */; };
		A161E2B51E356D0A001357DC /* LaunchScreen.storyboard in Resources */ = {isa = PBXBuildFile; fileRef = A161E2B31E356D0A001357DC /* LaunchScreen.storyboard */; };
		A161E2BD1E35A2C5001357DC /* Main.storyboard in Resources */ = {isa = PBXBuildFile; fileRef = A161E2BC1E35A2C5001357DC /* Main.storyboard */; };
/* End PBXBuildFile section */

/* Begin PBXFileReference section */
		A161E2A71E356D09001357DC /* MAPD124-W2017-Assign1.app */ = {isa = PBXFileReference; explicitFileType = wrapper.application; includeInIndex = 0; path = "MAPD124-W2017-Assign1.app"; sourceTree = BUILT_PRODUCTS_DIR; };
		A161E2AA1E356D0A001357DC /* AppDelegate.swift */ = {isa = PBXFileReference; lastKnownFileType = sourcecode.swift; path = AppDelegate.swift; sourceTree = "<group>"; };
		A161E2AC1E356D0A001357DC /* ViewController.swift */ = {isa = PBXFileReference; lastKnownFileType = sourcecode.swift; path = ViewController.swift; sourceTree = "<group>"; };
		A161E2B11E356D0A001357DC /* Assets.xcassets */ = {isa = PBXFileReference; lastKnownFileType = folder.assetcatalog; path = Assets.xcassets; sourceTree = "<group>"; };
		A161E2B41E356D0A001357DC /* Base */ = {isa = PBXFileReference; lastKnownFileType = file.storyboard; name = Base; path = Base.lproj/LaunchScreen.storyboard; sourceTree = "<group>"; };
		A161E2B61E356D0A001357DC /* Info.plist */ = {isa = PBXFileReference; lastKnownFileType = text.plist.xml; path = Info.plist; sourceTree = "<group>"; };
		A161E2BC1E35A2C5001357DC /* Main.storyboard */ = {isa = PBXFileReference; fileEncoding = 4; lastKnownFileType = file.storyboard; path = Main.storyboard; sourceTree = "<group>"; };
/* End PBXFileReference section */

/* Begin PBXFrameworksBuildPhase section */
		A161E2A41E356D09001357DC /* Frameworks */ = {
			isa = PBXFrameworksBuildPhase;
			buildActionMask = 2147483647;
			files = (
			);
			runOnlyForDeploymentPostprocessing = 0;
		};
/* End PBXFrameworksBuildPhase section */

/* Begin PBXGroup section */
		A161E29E1E356D09001357DC = {
			isa = PBXGroup;
			children = (
				A161E2A91E356D09001357DC /* MAPD124-W2017-Assign1 */,
				A161E2A81E356D09001357DC /* Products */,
			);
			sourceTree = "<group>";
		};
		A161E2A81E356D09001357DC /* Products */ = {
			isa = PBXGroup;
			children = (
				A161E2A71E356D09001357DC /* MAPD124-W2017-Assign1.app */,
			);
			name = Products;
			sourceTree = "<group>";
		};
		A161E2A91E356D09001357DC /* MAPD124-W2017-Assign1 */ = {
			isa = PBXGroup;
			children = (
				A161E2AA1E356D0A001357DC /* AppDelegate.swift */,
				A161E2AC1E356D0A001357DC /* ViewController.swift */,
				A161E2BC1E35A2C5001357DC /* Main.storyboard */,
				A161E2B11E356D0A001357DC /* Assets.xcassets */,
				A161E2B31E356D0A001357DC /* LaunchScreen.storyboard */,
				A161E2B61E356D0A001357DC /* Info.plist */,
			);
			path = "MAPD124-W2017-Assign1";
			sourceTree = "<group>";
		};
/* End PBXGroup section */

/* Begin PBXNativeTarget section */
		A161E2A61E356D09001357DC /* MAPD124-W2017-Assign1 */ = {
			isa = PBXNativeTarget;
			buildConfigurationList = A161E2B91E356D0A001357DC /* Build configuration list for PBXNativeTarget "MAPD124-W2017-Assign1" */;
			buildPhases = (
				A161E2A31E356D09001357DC /* Sources */,
				A161E2A41E356D09001357DC /* Frameworks */,
				A161E2A51E356D09001357DC /* Resources */,
			);
			buildRules = (
			);
			dependencies = (
			);
			name = "MAPD124-W2017-Assign1";
			productName = "MAPD124-W2017-Assign1";
			productReference = A161E2A71E356D09001357DC /* MAPD124-W2017-Assign1.app */;
			productType = "com.apple.product-type.application";
		};
/* End PBXNativeTarget section */

/* Begin PBXProject section */
		A161E29F1E356D09001357DC /* Project object */ = {
			isa = PBXProject;
			attributes = {
				LastSwiftUpdateCheck = 0820;
				LastUpgradeCheck = 0820;
				ORGANIZATIONNAME = Reza;
				TargetAttributes = {
					A161E2A61E356D09001357DC = {
						CreatedOnToolsVersion = 8.2.1;
						DevelopmentTeam = 2BULHRS882;
						ProvisioningStyle = Automatic;
					};
				};
			};
			buildConfigurationList = A161E2A21E356D09001357DC /* Build configuration list for PBXProject "MAPD124-W2017-Assign1" */;
			compatibilityVersion = "Xcode 3.2";
			developmentRegion = English;
			hasScannedForEncodings = 0;
			knownRegions = (
				en,
				Base,
			);
			mainGroup = A161E29E1E356D09001357DC;
			productRefGroup = A161E2A81E356D09001357DC /* Products */;
			projectDirPath = "";
			projectRoot = "";
			targets = (
				A161E2A61E356D09001357DC /* MAPD124-W2017-Assign1 */,
			);
		};
/* End PBXProject section */

/* Begin PBXResourcesBuildPhase section */
		A161E2A51E356D09001357DC /* Resources */ = {
			isa = PBXResourcesBuildPhase;
			buildActionMask = 2147483647;
			files = (
				A161E2B51E356D0A001357DC /* LaunchScreen.storyboard in Resources */,
				A161E2B21E356D0A001357DC /* Assets.xcassets in Resources */,
				A161E2BD1E35A2C5001357DC /* Main.storyboard in Resources */,
			);
			runOnlyForDeploymentPostprocessing = 0;
		};
/* End PBXResourcesBuildPhase section */

/* Begin PBXSourcesBuildPhase section */
		A161E2A31E356D09001357DC /* Sources */ = {
			isa = PBXSourcesBuildPhase;
			buildActionMask = 2147483647;
			files = (
				A161E2AD1E356D0A001357DC /* ViewController.swift in Sources */,
				A161E2AB1E356D0A001357DC /* AppDelegate.swift in Sources */,
			);
			runOnlyForDeploymentPostprocessing = 0;
		};
/* End PBXSourcesBuildPhase section */

/* Begin PBXVariantGroup section */
		A161E2B31E356D0A001357DC /* LaunchScreen.storyboard */ = {
			isa = PBXVariantGroup;
			children = (
				A161E2B41E356D0A001357DC /* Base */,
			);
			name = LaunchScreen.storyboard;
			sourceTree = "<group>";
		};
/* End PBXVariantGroup section */

/* Begin XCBuildConfiguration section */
		A161E2B71E356D0A001357DC /* Debug */ = {
			isa = XCBuildConfiguration;
			buildSettings = {
				ALWAYS_SEARCH_USER_PATHS = NO;
				CLANG_ANALYZER_NONNULL = YES;
				CLANG_CXX_LANGUAGE_STANDARD = "gnu++0x";
				CLANG_CXX_LIBRARY = "libc++";
				CLANG_ENABLE_MODULES = YES;
				CLANG_ENABLE_OBJC_ARC = YES;
				CLANG_WARN_BOOL_CONVERSION = YES;
				CLANG_WARN_CONSTANT_CONVERSION = YES;
				CLANG_WARN_DIRECT_OBJC_ISA_USAGE = YES_ERROR;
				CLANG_WARN_DOCUMENTATION_COMMENTS = YES;
				CLANG_WARN_EMPTY_BODY = YES;
				CLANG_WARN_ENUM_CONVERSION = YES;
				CLANG_WARN_INFINITE_RECURSION = YES;
				CLANG_WARN_INT_CONVERSION = YES;
				CLANG_WARN_OBJC_ROOT_CLASS = YES_ERROR;
				CLANG_WARN_SUSPICIOUS_MOVE = YES;
				CLANG_WARN_UNREACHABLE_CODE = YES;
				CLANG_WARN__DUPLICATE_METHOD_MATCH = YES;
				"CODE_SIGN_IDENTITY[sdk=iphoneos*]" = "iPhone Developer";
				COPY_PHASE_STRIP = NO;
				DEBUG_INFORMATION_FORMAT = dwarf;
				ENABLE_STRICT_OBJC_MSGSEND = YES;
				ENABLE_TESTABILITY = YES;
				GCC_C_LANGUAGE_STANDARD = gnu99;
				GCC_DYNAMIC_NO_PIC = NO;
				GCC_NO_COMMON_BLOCKS = YES;
				GCC_OPTIMIZATION_LEVEL = 0;
				GCC_PREPROCESSOR_DEFINITIONS = (
					"DEBUG=1",
					"$(inherited)",
				);
				GCC_WARN_64_TO_32_BIT_CONVERSION = YES;
				GCC_WARN_ABOUT_RETURN_TYPE = YES_ERROR;
				GCC_WARN_UNDECLARED_SELECTOR = YES;
				GCC_WARN_UNINITIALIZED_AUTOS = YES_AGGRESSIVE;
				GCC_WARN_UNUSED_FUNCTION = YES;
				GCC_WARN_UNUSED_VARIABLE = YES;
				IPHONEOS_DEPLOYMENT_TARGET = 10.2;
				MTL_ENABLE_DEBUG_INFO = YES;
				ONLY_ACTIVE_ARCH = YES;
				SDKROOT = iphoneos;
				SWIFT_ACTIVE_COMPILATION_CONDITIONS = DEBUG;
				SWIFT_OPTIMIZATION_LEVEL = "-Onone";
			};
			name = Debug;
		};
		A161E2B81E356D0A001357DC /* Release */ = {
			isa = XCBuildConfiguration;
			buildSettings = {
				ALWAYS_SEARCH_USER_PATHS = NO;
				CLANG_ANALYZER_NONNULL = YES;
				CLANG_CXX_LANGUAGE_STANDARD = "gnu++0x";
				CLANG_CXX_LIBRARY = "libc++";
				CLANG_ENABLE_MODULES = YES;
				CLANG_ENABLE_OBJC_ARC = YES;
				CLANG_WARN_BOOL_CONVERSION = YES;
				CLANG_WARN_CONSTANT_CONVERSION = YES;
				CLANG_WARN_DIRECT_OBJC_ISA_USAGE = YES_ERROR;
				CLANG_WARN_DOCUMENTATION_COMMENTS = YES;
				CLANG_WARN_EMPTY_BODY = YES;
				CLANG_WARN_ENUM_CONVERSION = YES;
				CLANG_WARN_INFINITE_RECURSION = YES;
				CLANG_WARN_INT_CONVERSION = YES;
				CLANG_WARN_OBJC_ROOT_CLASS = YES_ERROR;
				CLANG_WARN_SUSPICIOUS_MOVE = YES;
				CLANG_WARN_UNREACHABLE_CODE = YES;
				CLANG_WARN__DUPLICATE_METHOD_MATCH = YES;
				"CODE_SIGN_IDENTITY[sdk=iphoneos*]" = "iPhone Developer";
				COPY_PHASE_STRIP = NO;
				DEBUG_INFORMATION_FORMAT = "dwarf-with-dsym";
				ENABLE_NS_ASSERTIONS = NO;
				ENABLE_STRICT_OBJC_MSGSEND = YES;
				GCC_C_LANGUAGE_STANDARD = gnu99;
				GCC_NO_COMMON_BLOCKS = YES;
				GCC_WARN_64_TO_32_BIT_CONVERSION = YES;
				GCC_WARN_ABOUT_RETURN_TYPE = YES_ERROR;
				GCC_WARN_UNDECLARED_SELECTOR = YES;
				GCC_WARN_UNINITIALIZED_AUTOS = YES_AGGRESSIVE;
				GCC_WARN_UNUSED_FUNCTION = YES;
				GCC_WARN_UNUSED_VARIABLE = YES;
				IPHONEOS_DEPLOYMENT_TARGET = 10.2;
				MTL_ENABLE_DEBUG_INFO = NO;
				SDKROOT = iphoneos;
				SWIFT_OPTIMIZATION_LEVEL = "-Owholemodule";
				VALIDATE_PRODUCT = YES;
			};
			name = Release;
		};
		A161E2BA1E356D0A001357DC /* Debug */ = {
			isa = XCBuildConfiguration;
			buildSettings = {
				ASSETCATALOG_COMPILER_APPICON_NAME = AppIcon;
				DEVELOPMENT_TEAM = 2BULHRS882;
				INFOPLIST_FILE = "MAPD124-W2017-Assign1/Info.plist";
				LD_RUNPATH_SEARCH_PATHS = "$(inherited) @executable_path/Frameworks";
				PRODUCT_BUNDLE_IDENTIFIER = "com.centennial.MAPD124-W2017-Assign1";
				PRODUCT_NAME = "$(TARGET_NAME)";
				SWIFT_VERSION = 3.0;
			};
			name = Debug;
		};
		A161E2BB1E356D0A001357DC /* Release */ = {
			isa = XCBuildConfiguration;
			buildSettings = {
				ASSETCATALOG_COMPILER_APPICON_NAME = AppIcon;
				DEVELOPMENT_TEAM = 2BULHRS882;
				INFOPLIST_FILE = "MAPD124-W2017-Assign1/Info.plist";
				LD_RUNPATH_SEARCH_PATHS = "$(inherited) @executable_path/Frameworks";
				PRODUCT_BUNDLE_IDENTIFIER = "com.centennial.MAPD124-W2017-Assign1";
				PRODUCT_NAME = "$(TARGET_NAME)";
				SWIFT_VERSION = 3.0;
			};
			name = Release;
		};
/* End XCBuildConfiguration section */

/* Begin XCConfigurationList section */
		A161E2A21E356D09001357DC /* Build configuration list for PBXProject "MAPD124-W2017-Assign1" */ = {
			isa = XCConfigurationList;
			buildConfigurations = (
				A161E2B71E356D0A001357DC /* Debug */,
				A161E2B81E356D0A001357DC /* Release */,
			);
			defaultConfigurationIsVisible = 0;
			defaultConfigurationName = Release;
		};
		A161E2B91E356D0A001357DC /* Build configuration list for PBXNativeTarget "MAPD124-W2017-Assign1" */ = {
			isa = XCConfigurationList;
			buildConfigurations = (
				A161E2BA1E356D0A001357DC /* Debug */,
				A161E2BB1E356D0A001357DC /* Release */,
			);
			defaultConfigurationIsVisible = 0;
			defaultConfigurationName = Release;
		};
/* End XCConfigurationList section */
	};
	rootObject = A161E29F1E356D09001357DC /* Project object */;
}
